{
    "_readme": [
        "This file locks the dependencies of your project to a known state",
        "Read more about it at https://getcomposer.org/doc/01-basic-usage.md#composer-lock-the-lock-file",
        "This file is @generated automatically"
    ],
    "content-hash": "9c7c3d60f0e6e713b7f56cab7c038bf2",
    "packages": [
        {
            "name": "zver/common",
            "version": "3.0.39",
            "source": {
                "type": "git",
                "url": "https://github.com/s4urp8n/common.git",
                "reference": "d4324d9e11f76d474932dc447db8525aeda1e48a"
            },
            "dist": {
                "type": "zip",
                "url": "https://api.github.com/repos/s4urp8n/common/zipball/d4324d9e11f76d474932dc447db8525aeda1e48a",
                "reference": "d4324d9e11f76d474932dc447db8525aeda1e48a",
                "shasum": ""
            },
            "type": "library",
            "autoload": {
                "psr-4": {
                    "": "src/"
                },
                "files": [
                    "src/Functions.php"
                ]
            },
            "notification-url": "https://packagist.org/downloads/",
            "description": "common class of ZVER",
            "time": "2018-03-14T11:43:36+00:00"
        }
    ],
    "packages-dev": [],
    "aliases": [],
    "minimum-stability": "stable",
    "stability-flags": [],
    "prefer-stable": false,
    "prefer-lowest": false,
    "platform": [],
    "platform-dev": []
}
