{
    "_readme": [
        "This file locks the dependencies of your project to a known state",
        "Read more about it at https://getcomposer.org/doc/01-basic-usage.md#composer-lock-the-lock-file",
        "This file is @generated automatically"
    ],
    "content-hash": "5cd7aaa98827d6752c2b75af533023b0",
    "packages": [
        {
            "name": "zver/common",
            "version": "3.0.1",
            "source": {
                "type": "git",
                "url": "https://github.com/s4urp8n/common.git",
                "reference": "0303661def5f072d79f51f28183bd2ab8b55995f"
            },
            "dist": {
                "type": "zip",
                "url": "https://api.github.com/repos/s4urp8n/common/zipball/0303661def5f072d79f51f28183bd2ab8b55995f",
                "reference": "0303661def5f072d79f51f28183bd2ab8b55995f",
                "shasum": ""
            },
            "type": "library",
            "autoload": {
                "psr-4": {
                    "": "src/"
                },
                "files": [
                    "src/Functions.php"
                ]
            },
            "notification-url": "https://packagist.org/downloads/",
            "description": "common class of ZVER",
            "time": "2017-04-07T21:36:02+00:00"
        }
    ],
    "packages-dev": [],
    "aliases": [],
    "minimum-stability": "stable",
    "stability-flags": [],
    "prefer-stable": false,
    "prefer-lowest": false,
    "platform": [],
    "platform-dev": []
}
